// !$*UTF8*$!
{
	archiveVersion = 1;
	classes = {
	};
	objectVersion = 46;
	objects = {

/* Begin PBXBuildFile section */
		1F9A8EE21D6D789200178A45 /* main.m in Sources */ = {isa = PBXBuildFile; fileRef = 1F9A8EE11D6D789200178A45 /* main.m */; };
		1F9A8EE51D6D789200178A45 /* AppDelegate.m in Sources */ = {isa = PBXBuildFile; fileRef = 1F9A8EE41D6D789200178A45 /* AppDelegate.m */; };
		1F9A8EE81D6D789200178A45 /* ViewController.m in Sources */ = {isa = PBXBuildFile; fileRef = 1F9A8EE71D6D789200178A45 /* ViewController.m */; };
		1F9A8EEB1D6D789200178A45 /* Main.storyboard in Resources */ = {isa = PBXBuildFile; fileRef = 1F9A8EE91D6D789200178A45 /* Main.storyboard */; };
		1F9A8EED1D6D789200178A45 /* Assets.xcassets in Resources */ = {isa = PBXBuildFile; fileRef = 1F9A8EEC1D6D789200178A45 /* Assets.xcassets */; };
		1F9A8EF01D6D789200178A45 /* LaunchScreen.storyboard in Resources */ = {isa = PBXBuildFile; fileRef = 1F9A8EEE1D6D789200178A45 /* LaunchScreen.storyboard */; };
		1F9A8EFB1D6D789200178A45 /* UploadImagesTests.m in Sources */ = {isa = PBXBuildFile; fileRef = 1F9A8EFA1D6D789200178A45 /* UploadImagesTests.m */; };
		1F9A8F061D6D789200178A45 /* UploadImagesUITests.m in Sources */ = {isa = PBXBuildFile; fileRef = 1F9A8F051D6D789200178A45 /* UploadImagesUITests.m */; };
		1F9A8F141D6D792100178A45 /* Podfile in Resources */ = {isa = PBXBuildFile; fileRef = 1F9A8F131D6D792100178A45 /* Podfile */; };
		1F9A8F251D6D796B00178A45 /* ALAssetViewController.m in Sources */ = {isa = PBXBuildFile; fileRef = 1F9A8F201D6D796B00178A45 /* ALAssetViewController.m */; };
		1F9A8F261D6D796B00178A45 /* ALAssetViewController.xib in Resources */ = {isa = PBXBuildFile; fileRef = 1F9A8F211D6D796B00178A45 /* ALAssetViewController.xib */; };
		1F9A8F271D6D796B00178A45 /* PHAssetViewController.m in Sources */ = {isa = PBXBuildFile; fileRef = 1F9A8F231D6D796B00178A45 /* PHAssetViewController.m */; };
		1F9A8F281D6D796B00178A45 /* PHAssetViewController.xib in Resources */ = {isa = PBXBuildFile; fileRef = 1F9A8F241D6D796B00178A45 /* PHAssetViewController.xib */; };
		1FC5C9E61D6EE7F900C97C0D /* JXTAlertTools.m in Sources */ = {isa = PBXBuildFile; fileRef = 1FC5C9E11D6EE7F900C97C0D /* JXTAlertTools.m */; };
		1FC5C9E71D6EE7F900C97C0D /* NSURLSessionWrapperOperation.m in Sources */ = {isa = PBXBuildFile; fileRef = 1FC5C9E31D6EE7F900C97C0D /* NSURLSessionWrapperOperation.m */; };
		1FC5C9E81D6EE7F900C97C0D /* UploadManager.m in Sources */ = {isa = PBXBuildFile; fileRef = 1FC5C9E51D6EE7F900C97C0D /* UploadManager.m */; };
		39CEE86361A1AD697713560F /* libPods-UploadImages.a in Frameworks */ = {isa = PBXBuildFile; fileRef = 9C4C2F1C9CD26EF386EC4725 /* libPods-UploadImages.a */; };
/* End PBXBuildFile section */

/* Begin PBXContainerItemProxy section */
		1F9A8EF71D6D789200178A45 /* PBXContainerItemProxy */ = {
			isa = PBXContainerItemProxy;
			containerPortal = 1F9A8ED51D6D789200178A45 /* Project object */;
			proxyType = 1;
			remoteGlobalIDString = 1F9A8EDC1D6D789200178A45;
			remoteInfo = UploadImages;
		};
		1F9A8F021D6D789200178A45 /* PBXContainerItemProxy */ = {
			isa = PBXContainerItemProxy;
			containerPortal = 1F9A8ED51D6D789200178A45 /* Project object */;
			proxyType = 1;
			remoteGlobalIDString = 1F9A8EDC1D6D789200178A45;
			remoteInfo = UploadImages;
		};
/* End PBXContainerItemProxy section */

/* Begin PBXFileReference section */
		1F9A8EDD1D6D789200178A45 /* UploadImages.app */ = {isa = PBXFileReference; explicitFileType = wrapper.application; includeInIndex = 0; path = UploadImages.app; sourceTree = BUILT_PRODUCTS_DIR; };
		1F9A8EE11D6D789200178A45 /* main.m */ = {isa = PBXFileReference; lastKnownFileType = sourcecode.c.objc; path = main.m; sourceTree = "<group>"; };
		1F9A8EE31D6D789200178A45 /* AppDelegate.h */ = {isa = PBXFileReference; lastKnownFileType = sourcecode.c.h; path = AppDelegate.h; sourceTree = "<group>"; };
		1F9A8EE41D6D789200178A45 /* AppDelegate.m */ = {isa = PBXFileReference; lastKnownFileType = sourcecode.c.objc; path = AppDelegate.m; sourceTree = "<group>"; };
		1F9A8EE61D6D789200178A45 /* ViewController.h */ = {isa = PBXFileReference; lastKnownFileType = sourcecode.c.h; path = ViewController.h; sourceTree = "<group>"; };
		1F9A8EE71D6D789200178A45 /* ViewController.m */ = {isa = PBXFileReference; lastKnownFileType = sourcecode.c.objc; path = ViewController.m; sourceTree = "<group>"; };
		1F9A8EEA1D6D789200178A45 /* Base */ = {isa = PBXFileReference; lastKnownFileType = file.storyboard; name = Base; path = Base.lproj/Main.storyboard; sourceTree = "<group>"; };
		1F9A8EEC1D6D789200178A45 /* Assets.xcassets */ = {isa = PBXFileReference; lastKnownFileType = folder.assetcatalog; path = Assets.xcassets; sourceTree = "<group>"; };
		1F9A8EEF1D6D789200178A45 /* Base */ = {isa = PBXFileReference; lastKnownFileType = file.storyboard; name = Base; path = Base.lproj/LaunchScreen.storyboard; sourceTree = "<group>"; };
		1F9A8EF11D6D789200178A45 /* Info.plist */ = {isa = PBXFileReference; lastKnownFileType = text.plist.xml; path = Info.plist; sourceTree = "<group>"; };
		1F9A8EF61D6D789200178A45 /* UploadImagesTests.xctest */ = {isa = PBXFileReference; explicitFileType = wrapper.cfbundle; includeInIndex = 0; path = UploadImagesTests.xctest; sourceTree = BUILT_PRODUCTS_DIR; };
		1F9A8EFA1D6D789200178A45 /* UploadImagesTests.m */ = {isa = PBXFileReference; lastKnownFileType = sourcecode.c.objc; path = UploadImagesTests.m; sourceTree = "<group>"; };
		1F9A8EFC1D6D789200178A45 /* Info.plist */ = {isa = PBXFileReference; lastKnownFileType = text.plist.xml; path = Info.plist; sourceTree = "<group>"; };
		1F9A8F011D6D789200178A45 /* UploadImagesUITests.xctest */ = {isa = PBXFileReference; explicitFileType = wrapper.cfbundle; includeInIndex = 0; path = UploadImagesUITests.xctest; sourceTree = BUILT_PRODUCTS_DIR; };
		1F9A8F051D6D789200178A45 /* UploadImagesUITests.m */ = {isa = PBXFileReference; lastKnownFileType = sourcecode.c.objc; path = UploadImagesUITests.m; sourceTree = "<group>"; };
		1F9A8F071D6D789200178A45 /* Info.plist */ = {isa = PBXFileReference; lastKnownFileType = text.plist.xml; path = Info.plist; sourceTree = "<group>"; };
		1F9A8F131D6D792100178A45 /* Podfile */ = {isa = PBXFileReference; fileEncoding = 4; lastKnownFileType = text; path = Podfile; sourceTree = "<group>"; };
		1F9A8F1F1D6D796B00178A45 /* ALAssetViewController.h */ = {isa = PBXFileReference; fileEncoding = 4; lastKnownFileType = sourcecode.c.h; path = ALAssetViewController.h; sourceTree = "<group>"; };
		1F9A8F201D6D796B00178A45 /* ALAssetViewController.m */ = {isa = PBXFileReference; fileEncoding = 4; lastKnownFileType = sourcecode.c.objc; path = ALAssetViewController.m; sourceTree = "<group>"; };
		1F9A8F211D6D796B00178A45 /* ALAssetViewController.xib */ = {isa = PBXFileReference; fileEncoding = 4; lastKnownFileType = file.xib; path = ALAssetViewController.xib; sourceTree = "<group>"; };
		1F9A8F221D6D796B00178A45 /* PHAssetViewController.h */ = {isa = PBXFileReference; fileEncoding = 4; lastKnownFileType = sourcecode.c.h; path = PHAssetViewController.h; sourceTree = "<group>"; };
		1F9A8F231D6D796B00178A45 /* PHAssetViewController.m */ = {isa = PBXFileReference; fileEncoding = 4; lastKnownFileType = sourcecode.c.objc; path = PHAssetViewController.m; sourceTree = "<group>"; };
		1F9A8F241D6D796B00178A45 /* PHAssetViewController.xib */ = {isa = PBXFileReference; fileEncoding = 4; lastKnownFileType = file.xib; path = PHAssetViewController.xib; sourceTree = "<group>"; };
		1FC5C9E01D6EE7F900C97C0D /* JXTAlertTools.h */ = {isa = PBXFileReference; fileEncoding = 4; lastKnownFileType = sourcecode.c.h; path = JXTAlertTools.h; sourceTree = "<group>"; };
		1FC5C9E11D6EE7F900C97C0D /* JXTAlertTools.m */ = {isa = PBXFileReference; fileEncoding = 4; lastKnownFileType = sourcecode.c.objc; path = JXTAlertTools.m; sourceTree = "<group>"; };
		1FC5C9E21D6EE7F900C97C0D /* NSURLSessionWrapperOperation.h */ = {isa = PBXFileReference; fileEncoding = 4; lastKnownFileType = sourcecode.c.h; path = NSURLSessionWrapperOperation.h; sourceTree = "<group>"; };
		1FC5C9E31D6EE7F900C97C0D /* NSURLSessionWrapperOperation.m */ = {isa = PBXFileReference; fileEncoding = 4; lastKnownFileType = sourcecode.c.objc; path = NSURLSessionWrapperOperation.m; sourceTree = "<group>"; };
		1FC5C9E41D6EE7F900C97C0D /* UploadManager.h */ = {isa = PBXFileReference; fileEncoding = 4; lastKnownFileType = sourcecode.c.h; path = UploadManager.h; sourceTree = "<group>"; };
		1FC5C9E51D6EE7F900C97C0D /* UploadManager.m */ = {isa = PBXFileReference; fileEncoding = 4; lastKnownFileType = sourcecode.c.objc; path = UploadManager.m; sourceTree = "<group>"; };
		9AE89B69C02C17D447CC870D /* Pods-UploadImages.release.xcconfig */ = {isa = PBXFileReference; includeInIndex = 1; lastKnownFileType = text.xcconfig; name = "Pods-UploadImages.release.xcconfig"; path = "Pods/Target Support Files/Pods-UploadImages/Pods-UploadImages.release.xcconfig"; sourceTree = "<group>"; };
		9C4C2F1C9CD26EF386EC4725 /* libPods-UploadImages.a */ = {isa = PBXFileReference; explicitFileType = archive.ar; includeInIndex = 0; path = "libPods-UploadImages.a"; sourceTree = BUILT_PRODUCTS_DIR; };
		B4CE72110E3BBA50CC05D6F9 /* Pods-UploadImages.debug.xcconfig */ = {isa = PBXFileReference; includeInIndex = 1; lastKnownFileType = text.xcconfig; name = "Pods-UploadImages.debug.xcconfig"; path = "Pods/Target Support Files/Pods-UploadImages/Pods-UploadImages.debug.xcconfig"; sourceTree = "<group>"; };
/* End PBXFileReference section */

/* Begin PBXFrameworksBuildPhase section */
		1F9A8EDA1D6D789200178A45 /* Frameworks */ = {
			isa = PBXFrameworksBuildPhase;
			buildActionMask = 2147483647;
			files = (
				39CEE86361A1AD697713560F /* libPods-UploadImages.a in Frameworks */,
			);
			runOnlyForDeploymentPostprocessing = 0;
		};
		1F9A8EF31D6D789200178A45 /* Frameworks */ = {
			isa = PBXFrameworksBuildPhase;
			buildActionMask = 2147483647;
			files = (
			);
			runOnlyForDeploymentPostprocessing = 0;
		};
		1F9A8EFE1D6D789200178A45 /* Frameworks */ = {
			isa = PBXFrameworksBuildPhase;
			buildActionMask = 2147483647;
			files = (
			);
			runOnlyForDeploymentPostprocessing = 0;
		};
/* End PBXFrameworksBuildPhase section */

/* Begin PBXGroup section */
		1F9A8ED41D6D789200178A45 = {
			isa = PBXGroup;
			children = (
				1F9A8F131D6D792100178A45 /* Podfile */,
				1F9A8EDF1D6D789200178A45 /* UploadImages */,
				1F9A8EF91D6D789200178A45 /* UploadImagesTests */,
				1F9A8F041D6D789200178A45 /* UploadImagesUITests */,
				1F9A8EDE1D6D789200178A45 /* Products */,
				B8BFB59534BE2ED2BD5BDF61 /* Pods */,
				F69732807DB2554430A8A224 /* Frameworks */,
			);
			sourceTree = "<group>";
		};
		1F9A8EDE1D6D789200178A45 /* Products */ = {
			isa = PBXGroup;
			children = (
				1F9A8EDD1D6D789200178A45 /* UploadImages.app */,
				1F9A8EF61D6D789200178A45 /* UploadImagesTests.xctest */,
				1F9A8F011D6D789200178A45 /* UploadImagesUITests.xctest */,
			);
			name = Products;
			sourceTree = "<group>";
		};
		1F9A8EDF1D6D789200178A45 /* UploadImages */ = {
			isa = PBXGroup;
			children = (
				1FC5C9DF1D6EE7F900C97C0D /* Util */,
				1F9A8EE31D6D789200178A45 /* AppDelegate.h */,
				1F9A8EE41D6D789200178A45 /* AppDelegate.m */,
				1F9A8EE61D6D789200178A45 /* ViewController.h */,
				1F9A8EE71D6D789200178A45 /* ViewController.m */,
				1F9A8F1F1D6D796B00178A45 /* ALAssetViewController.h */,
				1F9A8F201D6D796B00178A45 /* ALAssetViewController.m */,
				1F9A8F211D6D796B00178A45 /* ALAssetViewController.xib */,
				1F9A8F221D6D796B00178A45 /* PHAssetViewController.h */,
				1F9A8F231D6D796B00178A45 /* PHAssetViewController.m */,
				1F9A8F241D6D796B00178A45 /* PHAssetViewController.xib */,
				1F9A8EE91D6D789200178A45 /* Main.storyboard */,
				1F9A8EEC1D6D789200178A45 /* Assets.xcassets */,
				1F9A8EEE1D6D789200178A45 /* LaunchScreen.storyboard */,
				1F9A8EF11D6D789200178A45 /* Info.plist */,
				1F9A8EE01D6D789200178A45 /* Supporting Files */,
			);
			path = UploadImages;
			sourceTree = "<group>";
		};
		1F9A8EE01D6D789200178A45 /* Supporting Files */ = {
			isa = PBXGroup;
			children = (
				1F9A8EE11D6D789200178A45 /* main.m */,
			);
			name = "Supporting Files";
			sourceTree = "<group>";
		};
		1F9A8EF91D6D789200178A45 /* UploadImagesTests */ = {
			isa = PBXGroup;
			children = (
				1F9A8EFA1D6D789200178A45 /* UploadImagesTests.m */,
				1F9A8EFC1D6D789200178A45 /* Info.plist */,
			);
			path = UploadImagesTests;
			sourceTree = "<group>";
		};
		1F9A8F041D6D789200178A45 /* UploadImagesUITests */ = {
			isa = PBXGroup;
			children = (
				1F9A8F051D6D789200178A45 /* UploadImagesUITests.m */,
				1F9A8F071D6D789200178A45 /* Info.plist */,
			);
			path = UploadImagesUITests;
			sourceTree = "<group>";
		};
		1FC5C9DF1D6EE7F900C97C0D /* Util */ = {
			isa = PBXGroup;
			children = (
				1FC5C9E01D6EE7F900C97C0D /* JXTAlertTools.h */,
				1FC5C9E11D6EE7F900C97C0D /* JXTAlertTools.m */,
				1FC5C9E21D6EE7F900C97C0D /* NSURLSessionWrapperOperation.h */,
				1FC5C9E31D6EE7F900C97C0D /* NSURLSessionWrapperOperation.m */,
				1FC5C9E41D6EE7F900C97C0D /* UploadManager.h */,
				1FC5C9E51D6EE7F900C97C0D /* UploadManager.m */,
			);
			path = Util;
			sourceTree = "<group>";
		};
		B8BFB59534BE2ED2BD5BDF61 /* Pods */ = {
			isa = PBXGroup;
			children = (
				B4CE72110E3BBA50CC05D6F9 /* Pods-UploadImages.debug.xcconfig */,
				9AE89B69C02C17D447CC870D /* Pods-UploadImages.release.xcconfig */,
			);
			name = Pods;
			sourceTree = "<group>";
		};
		F69732807DB2554430A8A224 /* Frameworks */ = {
			isa = PBXGroup;
			children = (
				9C4C2F1C9CD26EF386EC4725 /* libPods-UploadImages.a */,
			);
			name = Frameworks;
			sourceTree = "<group>";
		};
/* End PBXGroup section */

/* Begin PBXNativeTarget section */
		1F9A8EDC1D6D789200178A45 /* UploadImages */ = {
			isa = PBXNativeTarget;
			buildConfigurationList = 1F9A8F0A1D6D789200178A45 /* Build configuration list for PBXNativeTarget "UploadImages" */;
			buildPhases = (
				0D408C188555140E367DC050 /* [CP] Check Pods Manifest.lock */,
				1F9A8ED91D6D789200178A45 /* Sources */,
				1F9A8EDA1D6D789200178A45 /* Frameworks */,
				1F9A8EDB1D6D789200178A45 /* Resources */,
				2A3455B54B925D2C8DAB347F /* [CP] Embed Pods Frameworks */,
				C4E23A4BDA5D6CB919EEA29A /* [CP] Copy Pods Resources */,
			);
			buildRules = (
			);
			dependencies = (
			);
			name = UploadImages;
			productName = UploadImages;
			productReference = 1F9A8EDD1D6D789200178A45 /* UploadImages.app */;
			productType = "com.apple.product-type.application";
		};
		1F9A8EF51D6D789200178A45 /* UploadImagesTests */ = {
			isa = PBXNativeTarget;
			buildConfigurationList = 1F9A8F0D1D6D789200178A45 /* Build configuration list for PBXNativeTarget "UploadImagesTests" */;
			buildPhases = (
				1F9A8EF21D6D789200178A45 /* Sources */,
				1F9A8EF31D6D789200178A45 /* Frameworks */,
				1F9A8EF41D6D789200178A45 /* Resources */,
			);
			buildRules = (
			);
			dependencies = (
				1F9A8EF81D6D789200178A45 /* PBXTargetDependency */,
			);
			name = UploadImagesTests;
			productName = UploadImagesTests;
			productReference = 1F9A8EF61D6D789200178A45 /* UploadImagesTests.xctest */;
			productType = "com.apple.product-type.bundle.unit-test";
		};
		1F9A8F001D6D789200178A45 /* UploadImagesUITests */ = {
			isa = PBXNativeTarget;
			buildConfigurationList = 1F9A8F101D6D789200178A45 /* Build configuration list for PBXNativeTarget "UploadImagesUITests" */;
			buildPhases = (
				1F9A8EFD1D6D789200178A45 /* Sources */,
				1F9A8EFE1D6D789200178A45 /* Frameworks */,
				1F9A8EFF1D6D789200178A45 /* Resources */,
			);
			buildRules = (
			);
			dependencies = (
				1F9A8F031D6D789200178A45 /* PBXTargetDependency */,
			);
			name = UploadImagesUITests;
			productName = UploadImagesUITests;
			productReference = 1F9A8F011D6D789200178A45 /* UploadImagesUITests.xctest */;
			productType = "com.apple.product-type.bundle.ui-testing";
		};
/* End PBXNativeTarget section */

/* Begin PBXProject section */
		1F9A8ED51D6D789200178A45 /* Project object */ = {
			isa = PBXProject;
			attributes = {
				LastUpgradeCheck = 0730;
				ORGANIZATIONNAME = yzj;
				TargetAttributes = {
					1F9A8EDC1D6D789200178A45 = {
						CreatedOnToolsVersion = 7.3.1;
					};
					1F9A8EF51D6D789200178A45 = {
						CreatedOnToolsVersion = 7.3.1;
						TestTargetID = 1F9A8EDC1D6D789200178A45;
					};
					1F9A8F001D6D789200178A45 = {
						CreatedOnToolsVersion = 7.3.1;
						TestTargetID = 1F9A8EDC1D6D789200178A45;
					};
				};
			};
			buildConfigurationList = 1F9A8ED81D6D789200178A45 /* Build configuration list for PBXProject "UploadImages" */;
			compatibilityVersion = "Xcode 3.2";
			developmentRegion = English;
			hasScannedForEncodings = 0;
			knownRegions = (
				en,
				Base,
			);
			mainGroup = 1F9A8ED41D6D789200178A45;
			productRefGroup = 1F9A8EDE1D6D789200178A45 /* Products */;
			projectDirPath = "";
			projectRoot = "";
			targets = (
				1F9A8EDC1D6D789200178A45 /* UploadImages */,
				1F9A8EF51D6D789200178A45 /* UploadImagesTests */,
				1F9A8F001D6D789200178A45 /* UploadImagesUITests */,
			);
		};
/* End PBXProject section */

/* Begin PBXResourcesBuildPhase section */
		1F9A8EDB1D6D789200178A45 /* Resources */ = {
			isa = PBXResourcesBuildPhase;
			buildActionMask = 2147483647;
			files = (
				1F9A8EF01D6D789200178A45 /* LaunchScreen.storyboard in Resources */,
				1F9A8F261D6D796B00178A45 /* ALAssetViewController.xib in Resources */,
				1F9A8EED1D6D789200178A45 /* Assets.xcassets in Resources */,
				1F9A8F141D6D792100178A45 /* Podfile in Resources */,
				1F9A8EEB1D6D789200178A45 /* Main.storyboard in Resources */,
				1F9A8F281D6D796B00178A45 /* PHAssetViewController.xib in Resources */,
			);
			runOnlyForDeploymentPostprocessing = 0;
		};
		1F9A8EF41D6D789200178A45 /* Resources */ = {
			isa = PBXResourcesBuildPhase;
			buildActionMask = 2147483647;
			files = (
			);
			runOnlyForDeploymentPostprocessing = 0;
		};
		1F9A8EFF1D6D789200178A45 /* Resources */ = {
			isa = PBXResourcesBuildPhase;
			buildActionMask = 2147483647;
			files = (
			);
			runOnlyForDeploymentPostprocessing = 0;
		};
/* End PBXResourcesBuildPhase section */

/* Begin PBXShellScriptBuildPhase section */
		0D408C188555140E367DC050 /* [CP] Check Pods Manifest.lock */ = {
			isa = PBXShellScriptBuildPhase;
			buildActionMask = 2147483647;
			files = (
			);
			inputPaths = (
			);
			name = "[CP] Check Pods Manifest.lock";
			outputPaths = (
			);
			runOnlyForDeploymentPostprocessing = 0;
			shellPath = /bin/sh;
			shellScript = "diff \"${PODS_ROOT}/../Podfile.lock\" \"${PODS_ROOT}/Manifest.lock\" > /dev/null\nif [[ $? != 0 ]] ; then\n    cat << EOM\nerror: The sandbox is not in sync with the Podfile.lock. Run 'pod install' or update your CocoaPods installation.\nEOM\n    exit 1\nfi\n";
			showEnvVarsInLog = 0;
		};
		2A3455B54B925D2C8DAB347F /* [CP] Embed Pods Frameworks */ = {
			isa = PBXShellScriptBuildPhase;
			buildActionMask = 2147483647;
			files = (
			);
			inputPaths = (
			);
			name = "[CP] Embed Pods Frameworks";
			outputPaths = (
			);
			runOnlyForDeploymentPostprocessing = 0;
			shellPath = /bin/sh;
			shellScript = "\"${SRCROOT}/Pods/Target Support Files/Pods-UploadImages/Pods-UploadImages-frameworks.sh\"\n";
			showEnvVarsInLog = 0;
		};
		C4E23A4BDA5D6CB919EEA29A /* [CP] Copy Pods Resources */ = {
			isa = PBXShellScriptBuildPhase;
			buildActionMask = 2147483647;
			files = (
			);
			inputPaths = (
			);
			name = "[CP] Copy Pods Resources";
			outputPaths = (
			);
			runOnlyForDeploymentPostprocessing = 0;
			shellPath = /bin/sh;
			shellScript = "\"${SRCROOT}/Pods/Target Support Files/Pods-UploadImages/Pods-UploadImages-resources.sh\"\n";
			showEnvVarsInLog = 0;
		};
/* End PBXShellScriptBuildPhase section */

/* Begin PBXSourcesBuildPhase section */
		1F9A8ED91D6D789200178A45 /* Sources */ = {
			isa = PBXSourcesBuildPhase;
			buildActionMask = 2147483647;
			files = (
				1F9A8F271D6D796B00178A45 /* PHAssetViewController.m in Sources */,
				1FC5C9E61D6EE7F900C97C0D /* JXTAlertTools.m in Sources */,
				1FC5C9E81D6EE7F900C97C0D /* UploadManager.m in Sources */,
				1F9A8EE81D6D789200178A45 /* ViewController.m in Sources */,
				1F9A8F251D6D796B00178A45 /* ALAssetViewController.m in Sources */,
				1F9A8EE51D6D789200178A45 /* AppDelegate.m in Sources */,
				1FC5C9E71D6EE7F900C97C0D /* NSURLSessionWrapperOperation.m in Sources */,
				1F9A8EE21D6D789200178A45 /* main.m in Sources */,
			);
			runOnlyForDeploymentPostprocessing = 0;
		};
		1F9A8EF21D6D789200178A45 /* Sources */ = {
			isa = PBXSourcesBuildPhase;
			buildActionMask = 2147483647;
			files = (
				1F9A8EFB1D6D789200178A45 /* UploadImagesTests.m in Sources */,
			);
			runOnlyForDeploymentPostprocessing = 0;
		};
		1F9A8EFD1D6D789200178A45 /* Sources */ = {
			isa = PBXSourcesBuildPhase;
			buildActionMask = 2147483647;
			files = (
				1F9A8F061D6D789200178A45 /* UploadImagesUITests.m in Sources */,
			);
			runOnlyForDeploymentPostprocessing = 0;
		};
/* End PBXSourcesBuildPhase section */

/* Begin PBXTargetDependency section */
		1F9A8EF81D6D789200178A45 /* PBXTargetDependency */ = {
			isa = PBXTargetDependency;
			target = 1F9A8EDC1D6D789200178A45 /* UploadImages */;
			targetProxy = 1F9A8EF71D6D789200178A45 /* PBXContainerItemProxy */;
		};
		1F9A8F031D6D789200178A45 /* PBXTargetDependency */ = {
			isa = PBXTargetDependency;
			target = 1F9A8EDC1D6D789200178A45 /* UploadImages */;
			targetProxy = 1F9A8F021D6D789200178A45 /* PBXContainerItemProxy */;
		};
/* End PBXTargetDependency section */

/* Begin PBXVariantGroup section */
		1F9A8EE91D6D789200178A45 /* Main.storyboard */ = {
			isa = PBXVariantGroup;
			children = (
				1F9A8EEA1D6D789200178A45 /* Base */,
			);
			name = Main.storyboard;
			sourceTree = "<group>";
		};
		1F9A8EEE1D6D789200178A45 /* LaunchScreen.storyboard */ = {
			isa = PBXVariantGroup;
			children = (
				1F9A8EEF1D6D789200178A45 /* Base */,
			);
			name = LaunchScreen.storyboard;
			sourceTree = "<group>";
		};
/* End PBXVariantGroup section */

/* Begin XCBuildConfiguration section */
		1F9A8F081D6D789200178A45 /* Debug */ = {
			isa = XCBuildConfiguration;
			buildSettings = {
				ALWAYS_SEARCH_USER_PATHS = NO;
				CLANG_ANALYZER_NONNULL = YES;
				CLANG_CXX_LANGUAGE_STANDARD = "gnu++0x";
				CLANG_CXX_LIBRARY = "libc++";
				CLANG_ENABLE_MODULES = YES;
				CLANG_ENABLE_OBJC_ARC = YES;
				CLANG_WARN_BOOL_CONVERSION = YES;
				CLANG_WARN_CONSTANT_CONVERSION = YES;
				CLANG_WARN_DIRECT_OBJC_ISA_USAGE = YES_ERROR;
				CLANG_WARN_EMPTY_BODY = YES;
				CLANG_WARN_ENUM_CONVERSION = YES;
				CLANG_WARN_INT_CONVERSION = YES;
				CLANG_WARN_OBJC_ROOT_CLASS = YES_ERROR;
				CLANG_WARN_UNREACHABLE_CODE = YES;
				CLANG_WARN__DUPLICATE_METHOD_MATCH = YES;
				"CODE_SIGN_IDENTITY[sdk=iphoneos*]" = "iPhone Developer";
				COPY_PHASE_STRIP = NO;
				DEBUG_INFORMATION_FORMAT = dwarf;
				ENABLE_STRICT_OBJC_MSGSEND = YES;
				ENABLE_TESTABILITY = YES;
				GCC_C_LANGUAGE_STANDARD = gnu99;
				GCC_DYNAMIC_NO_PIC = NO;
				GCC_NO_COMMON_BLOCKS = YES;
				GCC_OPTIMIZATION_LEVEL = 0;
				GCC_PREPROCESSOR_DEFINITIONS = (
					"DEBUG=1",
					"$(inherited)",
				);
				GCC_WARN_64_TO_32_BIT_CONVERSION = YES;
				GCC_WARN_ABOUT_RETURN_TYPE = YES_ERROR;
				GCC_WARN_UNDECLARED_SELECTOR = YES;
				GCC_WARN_UNINITIALIZED_AUTOS = YES_AGGRESSIVE;
				GCC_WARN_UNUSED_FUNCTION = YES;
				GCC_WARN_UNUSED_VARIABLE = YES;
				IPHONEOS_DEPLOYMENT_TARGET = 9.3;
				MTL_ENABLE_DEBUG_INFO = YES;
				ONLY_ACTIVE_ARCH = YES;
				SDKROOT = iphoneos;
				TARGETED_DEVICE_FAMILY = "1,2";
			};
			name = Debug;
		};
		1F9A8F091D6D789200178A45 /* Release */ = {
			isa = XCBuildConfiguration;
			buildSettings = {
				ALWAYS_SEARCH_USER_PATHS = NO;
				CLANG_ANALYZER_NONNULL = YES;
				CLANG_CXX_LANGUAGE_STANDARD = "gnu++0x";
				CLANG_CXX_LIBRARY = "libc++";
				CLANG_ENABLE_MODULES = YES;
				CLANG_ENABLE_OBJC_ARC = YES;
				CLANG_WARN_BOOL_CONVERSION = YES;
				CLANG_WARN_CONSTANT_CONVERSION = YES;
				CLANG_WARN_DIRECT_OBJC_ISA_USAGE = YES_ERROR;
				CLANG_WARN_EMPTY_BODY = YES;
				CLANG_WARN_ENUM_CONVERSION = YES;
				CLANG_WARN_INT_CONVERSION = YES;
				CLANG_WARN_OBJC_ROOT_CLASS = YES_ERROR;
				CLANG_WARN_UNREACHABLE_CODE = YES;
				CLANG_WARN__DUPLICATE_METHOD_MATCH = YES;
				"CODE_SIGN_IDENTITY[sdk=iphoneos*]" = "iPhone Developer";
				COPY_PHASE_STRIP = NO;
				DEBUG_INFORMATION_FORMAT = "dwarf-with-dsym";
				ENABLE_NS_ASSERTIONS = NO;
				ENABLE_STRICT_OBJC_MSGSEND = YES;
				GCC_C_LANGUAGE_STANDARD = gnu99;
				GCC_NO_COMMON_BLOCKS = YES;
				GCC_WARN_64_TO_32_BIT_CONVERSION = YES;
				GCC_WARN_ABOUT_RETURN_TYPE = YES_ERROR;
				GCC_WARN_UNDECLARED_SELECTOR = YES;
				GCC_WARN_UNINITIALIZED_AUTOS = YES_AGGRESSIVE;
				GCC_WARN_UNUSED_FUNCTION = YES;
				GCC_WARN_UNUSED_VARIABLE = YES;
				IPHONEOS_DEPLOYMENT_TARGET = 9.3;
				MTL_ENABLE_DEBUG_INFO = NO;
				SDKROOT = iphoneos;
				TARGETED_DEVICE_FAMILY = "1,2";
				VALIDATE_PRODUCT = YES;
			};
			name = Release;
		};
		1F9A8F0B1D6D789200178A45 /* Debug */ = {
			isa = XCBuildConfiguration;
			baseConfigurationReference = B4CE72110E3BBA50CC05D6F9 /* Pods-UploadImages.debug.xcconfig */;
			buildSettings = {
				ASSETCATALOG_COMPILER_APPICON_NAME = AppIcon;
				INFOPLIST_FILE = UploadImages/Info.plist;
				LD_RUNPATH_SEARCH_PATHS = "$(inherited) @executable_path/Frameworks";
				PRODUCT_BUNDLE_IDENTIFIER = com.yzj.UploadImages;
				PRODUCT_NAME = "$(TARGET_NAME)";
			};
			name = Debug;
		};
		1F9A8F0C1D6D789200178A45 /* Release */ = {
			isa = XCBuildConfiguration;
			baseConfigurationReference = 9AE89B69C02C17D447CC870D /* Pods-UploadImages.release.xcconfig */;
			buildSettings = {
				ASSETCATALOG_COMPILER_APPICON_NAME = AppIcon;
				INFOPLIST_FILE = UploadImages/Info.plist;
				LD_RUNPATH_SEARCH_PATHS = "$(inherited) @executable_path/Frameworks";
				PRODUCT_BUNDLE_IDENTIFIER = com.yzj.UploadImages;
				PRODUCT_NAME = "$(TARGET_NAME)";
			};
			name = Release;
		};
		1F9A8F0E1D6D789200178A45 /* Debug */ = {
			isa = XCBuildConfiguration;
			buildSettings = {
				BUNDLE_LOADER = "$(TEST_HOST)";
				INFOPLIST_FILE = UploadImagesTests/Info.plist;
				LD_RUNPATH_SEARCH_PATHS = "$(inherited) @executable_path/Frameworks @loader_path/Frameworks";
				PRODUCT_BUNDLE_IDENTIFIER = com.yzj.UploadImagesTests;
				PRODUCT_NAME = "$(TARGET_NAME)";
				TEST_HOST = "$(BUILT_PRODUCTS_DIR)/UploadImages.app/UploadImages";
			};
			name = Debug;
		};
		1F9A8F0F1D6D789200178A45 /* Release */ = {
			isa = XCBuildConfiguration;
			buildSettings = {
				BUNDLE_LOADER = "$(TEST_HOST)";
				INFOPLIST_FILE = UploadImagesTests/Info.plist;
				LD_RUNPATH_SEARCH_PATHS = "$(inherited) @executable_path/Frameworks @loader_path/Frameworks";
				PRODUCT_BUNDLE_IDENTIFIER = com.yzj.UploadImagesTests;
				PRODUCT_NAME = "$(TARGET_NAME)";
				TEST_HOST = "$(BUILT_PRODUCTS_DIR)/UploadImages.app/UploadImages";
			};
			name = Release;
		};
		1F9A8F111D6D789200178A45 /* Debug */ = {
			isa = XCBuildConfiguration;
			buildSettings = {
				INFOPLIST_FILE = UploadImagesUITests/Info.plist;
				LD_RUNPATH_SEARCH_PATHS = "$(inherited) @executable_path/Frameworks @loader_path/Frameworks";
				PRODUCT_BUNDLE_IDENTIFIER = com.yzj.UploadImagesUITests;
				PRODUCT_NAME = "$(TARGET_NAME)";
				TEST_TARGET_NAME = UploadImages;
			};
			name = Debug;
		};
		1F9A8F121D6D789200178A45 /* Release */ = {
			isa = XCBuildConfiguration;
			buildSettings = {
				INFOPLIST_FILE = UploadImagesUITests/Info.plist;
				LD_RUNPATH_SEARCH_PATHS = "$(inherited) @executable_path/Frameworks @loader_path/Frameworks";
				PRODUCT_BUNDLE_IDENTIFIER = com.yzj.UploadImagesUITests;
				PRODUCT_NAME = "$(TARGET_NAME)";
				TEST_TARGET_NAME = UploadImages;
			};
			name = Release;
		};
/* End XCBuildConfiguration section */

/* Begin XCConfigurationList section */
		1F9A8ED81D6D789200178A45 /* Build configuration list for PBXProject "UploadImages" */ = {
			isa = XCConfigurationList;
			buildConfigurations = (
				1F9A8F081D6D789200178A45 /* Debug */,
				1F9A8F091D6D789200178A45 /* Release */,
			);
			defaultConfigurationIsVisible = 0;
			defaultConfigurationName = Release;
		};
		1F9A8F0A1D6D789200178A45 /* Build configuration list for PBXNativeTarget "UploadImages" */ = {
			isa = XCConfigurationList;
			buildConfigurations = (
				1F9A8F0B1D6D789200178A45 /* Debug */,
				1F9A8F0C1D6D789200178A45 /* Release */,
			);
			defaultConfigurationIsVisible = 0;
			defaultConfigurationName = Release;
		};
		1F9A8F0D1D6D789200178A45 /* Build configuration list for PBXNativeTarget "UploadImagesTests" */ = {
			isa = XCConfigurationList;
			buildConfigurations = (
				1F9A8F0E1D6D789200178A45 /* Debug */,
				1F9A8F0F1D6D789200178A45 /* Release */,
			);
			defaultConfigurationIsVisible = 0;
			defaultConfigurationName = Release;
		};
		1F9A8F101D6D789200178A45 /* Build configuration list for PBXNativeTarget "UploadImagesUITests" */ = {
			isa = XCConfigurationList;
			buildConfigurations = (
				1F9A8F111D6D789200178A45 /* Debug */,
				1F9A8F121D6D789200178A45 /* Release */,
			);
			defaultConfigurationIsVisible = 0;
			defaultConfigurationName = Release;
		};
/* End XCConfigurationList section */
	};
	rootObject = 1F9A8ED51D6D789200178A45 /* Project object */;
}
